// !$*UTF8*$!
{
	archiveVersion = 1;
	classes = {
	};
	objectVersion = 56;
	objects = {

/* Begin PBXBuildFile section */
		456F3E212BF797D500CA7F6F /* FrameworkGridViewModel.swift in Sources */ = {isa = PBXBuildFile; fileRef = 456F3E202BF797D500CA7F6F /* FrameworkGridViewModel.swift */; };
		456F3E232BF8AB2700CA7F6F /* SafariView.swift in Sources */ = {isa = PBXBuildFile; fileRef = 456F3E222BF8AB2700CA7F6F /* SafariView.swift */; };
		456F3E252BF8C79200CA7F6F /* FrameworkTitleView.swift in Sources */ = {isa = PBXBuildFile; fileRef = 456F3E242BF8C79200CA7F6F /* FrameworkTitleView.swift */; };
		456F3E272BF8CA6B00CA7F6F /* XDismissButton.swift in Sources */ = {isa = PBXBuildFile; fileRef = 456F3E262BF8CA6B00CA7F6F /* XDismissButton.swift */; };
		45F043A52BF75FCE001E4228 /* Apple_FrameworkApp.swift in Sources */ = {isa = PBXBuildFile; fileRef = 45F043A42BF75FCE001E4228 /* Apple_FrameworkApp.swift */; };
		45F043A92BF75FCF001E4228 /* Assets.xcassets in Resources */ = {isa = PBXBuildFile; fileRef = 45F043A82BF75FCF001E4228 /* Assets.xcassets */; };
		45F043AC2BF75FCF001E4228 /* Preview Assets.xcassets in Resources */ = {isa = PBXBuildFile; fileRef = 45F043AB2BF75FCF001E4228 /* Preview Assets.xcassets */; };
		45F043B32BF7600A001E4228 /* Framework.swift in Sources */ = {isa = PBXBuildFile; fileRef = 45F043B22BF7600A001E4228 /* Framework.swift */; };
		45F043B52BF762DF001E4228 /* FrameworkGridView.swift in Sources */ = {isa = PBXBuildFile; fileRef = 45F043B42BF762DF001E4228 /* FrameworkGridView.swift */; };
		45F043B72BF7746F001E4228 /* FrameworkDetailView.swift in Sources */ = {isa = PBXBuildFile; fileRef = 45F043B62BF7746F001E4228 /* FrameworkDetailView.swift */; };
		45F043B92BF77DD0001E4228 /* AFButton.swift in Sources */ = {isa = PBXBuildFile; fileRef = 45F043B82BF77DD0001E4228 /* AFButton.swift */; };
/* End PBXBuildFile section */

/* Begin PBXFileReference section */
		456F3E202BF797D500CA7F6F /* FrameworkGridViewModel.swift */ = {isa = PBXFileReference; lastKnownFileType = sourcecode.swift; path = FrameworkGridViewModel.swift; sourceTree = "<group>"; };
		456F3E222BF8AB2700CA7F6F /* SafariView.swift */ = {isa = PBXFileReference; lastKnownFileType = sourcecode.swift; path = SafariView.swift; sourceTree = "<group>"; };
		456F3E242BF8C79200CA7F6F /* FrameworkTitleView.swift */ = {isa = PBXFileReference; lastKnownFileType = sourcecode.swift; path = FrameworkTitleView.swift; sourceTree = "<group>"; };
		456F3E262BF8CA6B00CA7F6F /* XDismissButton.swift */ = {isa = PBXFileReference; lastKnownFileType = sourcecode.swift; path = XDismissButton.swift; sourceTree = "<group>"; };
		45F043A12BF75FCE001E4228 /* Apple Framework.app */ = {isa = PBXFileReference; explicitFileType = wrapper.application; includeInIndex = 0; path = "Apple Framework.app"; sourceTree = BUILT_PRODUCTS_DIR; };
		45F043A42BF75FCE001E4228 /* Apple_FrameworkApp.swift */ = {isa = PBXFileReference; lastKnownFileType = sourcecode.swift; path = Apple_FrameworkApp.swift; sourceTree = "<group>"; };
		45F043A82BF75FCF001E4228 /* Assets.xcassets */ = {isa = PBXFileReference; lastKnownFileType = folder.assetcatalog; path = Assets.xcassets; sourceTree = "<group>"; };
		45F043AB2BF75FCF001E4228 /* Preview Assets.xcassets */ = {isa = PBXFileReference; lastKnownFileType = folder.assetcatalog; path = "Preview Assets.xcassets"; sourceTree = "<group>"; };
		45F043B22BF7600A001E4228 /* Framework.swift */ = {isa = PBXFileReference; lastKnownFileType = sourcecode.swift; path = Framework.swift; sourceTree = "<group>"; };
		45F043B42BF762DF001E4228 /* FrameworkGridView.swift */ = {isa = PBXFileReference; lastKnownFileType = sourcecode.swift; path = FrameworkGridView.swift; sourceTree = "<group>"; };
		45F043B62BF7746F001E4228 /* FrameworkDetailView.swift */ = {isa = PBXFileReference; lastKnownFileType = sourcecode.swift; path = FrameworkDetailView.swift; sourceTree = "<group>"; };
		45F043B82BF77DD0001E4228 /* AFButton.swift */ = {isa = PBXFileReference; lastKnownFileType = sourcecode.swift; path = AFButton.swift; sourceTree = "<group>"; };
/* End PBXFileReference section */

/* Begin PBXFrameworksBuildPhase section */
		45F0439E2BF75FCE001E4228 /* Frameworks */ = {
			isa = PBXFrameworksBuildPhase;
			buildActionMask = 2147483647;
			files = (
			);
			runOnlyForDeploymentPostprocessing = 0;
		};
/* End PBXFrameworksBuildPhase section */

/* Begin PBXGroup section */
		45198A302BF8F92700720599 /* View */ = {
			isa = PBXGroup;
			children = (
				456F3E242BF8C79200CA7F6F /* FrameworkTitleView.swift */,
			);
			path = View;
			sourceTree = "<group>";
		};
		456F3E282BF8F31000CA7F6F /* Screens */ = {
			isa = PBXGroup;
			children = (
				456F3E2A2BF8F3FA00CA7F6F /* FrameworkDetailView */,
				456F3E292BF8F32900CA7F6F /* FrameworkGridView */,
			);
			path = Screens;
			sourceTree = "<group>";
		};
		456F3E292BF8F32900CA7F6F /* FrameworkGridView */ = {
			isa = PBXGroup;
			children = (
				456F3E202BF797D500CA7F6F /* FrameworkGridViewModel.swift */,
				45F043B42BF762DF001E4228 /* FrameworkGridView.swift */,
			);
			path = FrameworkGridView;
			sourceTree = "<group>";
		};
		456F3E2A2BF8F3FA00CA7F6F /* FrameworkDetailView */ = {
			isa = PBXGroup;
			children = (
				45F043B62BF7746F001E4228 /* FrameworkDetailView.swift */,
			);
			path = FrameworkDetailView;
			sourceTree = "<group>";
		};
		456F3E2B2BF8F42A00CA7F6F /* Model */ = {
			isa = PBXGroup;
			children = (
				45F043B22BF7600A001E4228 /* Framework.swift */,
			);
			path = Model;
			sourceTree = "<group>";
		};
		456F3E2C2BF8F45D00CA7F6F /* Views */ = {
			isa = PBXGroup;
			children = (
				45198A302BF8F92700720599 /* View */,
				456F3E2D2BF8F46900CA7F6F /* Buttons */,
			);
			path = Views;
			sourceTree = "<group>";
		};
		456F3E2D2BF8F46900CA7F6F /* Buttons */ = {
			isa = PBXGroup;
			children = (
				456F3E262BF8CA6B00CA7F6F /* XDismissButton.swift */,
				45F043B82BF77DD0001E4228 /* AFButton.swift */,
			);
			path = Buttons;
			sourceTree = "<group>";
		};
		456F3E2E2BF8F62600CA7F6F /* UIKit Components */ = {
			isa = PBXGroup;
			children = (
				456F3E222BF8AB2700CA7F6F /* SafariView.swift */,
			);
			path = "UIKit Components";
			sourceTree = "<group>";
		};
		45F043982BF75FCE001E4228 = {
			isa = PBXGroup;
			children = (
				45F043A32BF75FCE001E4228 /* Apple Framework */,
				45F043A22BF75FCE001E4228 /* Products */,
			);
			sourceTree = "<group>";
		};
		45F043A22BF75FCE001E4228 /* Products */ = {
			isa = PBXGroup;
			children = (
				45F043A12BF75FCE001E4228 /* Apple Framework.app */,
			);
			name = Products;
			sourceTree = "<group>";
		};
		45F043A32BF75FCE001E4228 /* Apple Framework */ = {
			isa = PBXGroup;
			children = (
				456F3E2E2BF8F62600CA7F6F /* UIKit Components */,
				456F3E2C2BF8F45D00CA7F6F /* Views */,
				456F3E2B2BF8F42A00CA7F6F /* Model */,
				456F3E282BF8F31000CA7F6F /* Screens */,
				45F043A42BF75FCE001E4228 /* Apple_FrameworkApp.swift */,
				45F043A82BF75FCF001E4228 /* Assets.xcassets */,
				45F043AA2BF75FCF001E4228 /* Preview Content */,
			);
			path = "Apple Framework";
			sourceTree = "<group>";
		};
		45F043AA2BF75FCF001E4228 /* Preview Content */ = {
			isa = PBXGroup;
			children = (
				45F043AB2BF75FCF001E4228 /* Preview Assets.xcassets */,
			);
			path = "Preview Content";
			sourceTree = "<group>";
		};
/* End PBXGroup section */

/* Begin PBXNativeTarget section */
		45F043A02BF75FCE001E4228 /* Apple Framework */ = {
			isa = PBXNativeTarget;
			buildConfigurationList = 45F043AF2BF75FCF001E4228 /* Build configuration list for PBXNativeTarget "Apple Framework" */;
			buildPhases = (
				45F0439D2BF75FCE001E4228 /* Sources */,
				45F0439E2BF75FCE001E4228 /* Frameworks */,
				45F0439F2BF75FCE001E4228 /* Resources */,
			);
			buildRules = (
			);
			dependencies = (
			);
			name = "Apple Framework";
			productName = "Apple Framework";
			productReference = 45F043A12BF75FCE001E4228 /* Apple Framework.app */;
			productType = "com.apple.product-type.application";
		};
/* End PBXNativeTarget section */

/* Begin PBXProject section */
		45F043992BF75FCE001E4228 /* Project object */ = {
			isa = PBXProject;
			attributes = {
				BuildIndependentTargetsInParallel = 1;
				LastSwiftUpdateCheck = 1530;
				LastUpgradeCheck = 1530;
				TargetAttributes = {
					45F043A02BF75FCE001E4228 = {
						CreatedOnToolsVersion = 15.3;
					};
				};
			};
			buildConfigurationList = 45F0439C2BF75FCE001E4228 /* Build configuration list for PBXProject "Apple Framework" */;
			compatibilityVersion = "Xcode 14.0";
			developmentRegion = en;
			hasScannedForEncodings = 0;
			knownRegions = (
				en,
				Base,
			);
			mainGroup = 45F043982BF75FCE001E4228;
			productRefGroup = 45F043A22BF75FCE001E4228 /* Products */;
			projectDirPath = "";
			projectRoot = "";
			targets = (
				45F043A02BF75FCE001E4228 /* Apple Framework */,
			);
		};
/* End PBXProject section */

/* Begin PBXResourcesBuildPhase section */
		45F0439F2BF75FCE001E4228 /* Resources */ = {
			isa = PBXResourcesBuildPhase;
			buildActionMask = 2147483647;
			files = (
				45F043AC2BF75FCF001E4228 /* Preview Assets.xcassets in Resources */,
				45F043A92BF75FCF001E4228 /* Assets.xcassets in Resources */,
			);
			runOnlyForDeploymentPostprocessing = 0;
		};
/* End PBXResourcesBuildPhase section */

/* Begin PBXSourcesBuildPhase section */
		45F0439D2BF75FCE001E4228 /* Sources */ = {
			isa = PBXSourcesBuildPhase;
			buildActionMask = 2147483647;
			files = (
				45F043B72BF7746F001E4228 /* FrameworkDetailView.swift in Sources */,
				45F043B52BF762DF001E4228 /* FrameworkGridView.swift in Sources */,
				456F3E272BF8CA6B00CA7F6F /* XDismissButton.swift in Sources */,
				45F043B32BF7600A001E4228 /* Framework.swift in Sources */,
				45F043B92BF77DD0001E4228 /* AFButton.swift in Sources */,
				45F043A52BF75FCE001E4228 /* Apple_FrameworkApp.swift in Sources */,
				456F3E212BF797D500CA7F6F /* FrameworkGridViewModel.swift in Sources */,
				456F3E252BF8C79200CA7F6F /* FrameworkTitleView.swift in Sources */,
				456F3E232BF8AB2700CA7F6F /* SafariView.swift in Sources */,
			);
			runOnlyForDeploymentPostprocessing = 0;
		};
/* End PBXSourcesBuildPhase section */

/* Begin XCBuildConfiguration section */
		45F043AD2BF75FCF001E4228 /* Debug */ = {
			isa = XCBuildConfiguration;
			buildSettings = {
				ALWAYS_SEARCH_USER_PATHS = NO;
				ASSETCATALOG_COMPILER_GENERATE_SWIFT_ASSET_SYMBOL_EXTENSIONS = YES;
				CLANG_ANALYZER_NONNULL = YES;
				CLANG_ANALYZER_NUMBER_OBJECT_CONVERSION = YES_AGGRESSIVE;
				CLANG_CXX_LANGUAGE_STANDARD = "gnu++20";
				CLANG_ENABLE_MODULES = YES;
				CLANG_ENABLE_OBJC_ARC = YES;
				CLANG_ENABLE_OBJC_WEAK = YES;
				CLANG_WARN_BLOCK_CAPTURE_AUTORELEASING = YES;
				CLANG_WARN_BOOL_CONVERSION = YES;
				CLANG_WARN_COMMA = YES;
				CLANG_WARN_CONSTANT_CONVERSION = YES;
				CLANG_WARN_DEPRECATED_OBJC_IMPLEMENTATIONS = YES;
				CLANG_WARN_DIRECT_OBJC_ISA_USAGE = YES_ERROR;
				CLANG_WARN_DOCUMENTATION_COMMENTS = YES;
				CLANG_WARN_EMPTY_BODY = YES;
				CLANG_WARN_ENUM_CONVERSION = YES;
				CLANG_WARN_INFINITE_RECURSION = YES;
				CLANG_WARN_INT_CONVERSION = YES;
				CLANG_WARN_NON_LITERAL_NULL_CONVERSION = YES;
				CLANG_WARN_OBJC_IMPLICIT_RETAIN_SELF = YES;
				CLANG_WARN_OBJC_LITERAL_CONVERSION = YES;
				CLANG_WARN_OBJC_ROOT_CLASS = YES_ERROR;
				CLANG_WARN_QUOTED_INCLUDE_IN_FRAMEWORK_HEADER = YES;
				CLANG_WARN_RANGE_LOOP_ANALYSIS = YES;
				CLANG_WARN_STRICT_PROTOTYPES = YES;
				CLANG_WARN_SUSPICIOUS_MOVE = YES;
				CLANG_WARN_UNGUARDED_AVAILABILITY = YES_AGGRESSIVE;
				CLANG_WARN_UNREACHABLE_CODE = YES;
				CLANG_WARN__DUPLICATE_METHOD_MATCH = YES;
				COPY_PHASE_STRIP = NO;
				DEBUG_INFORMATION_FORMAT = dwarf;
				ENABLE_STRICT_OBJC_MSGSEND = YES;
				ENABLE_TESTABILITY = YES;
				ENABLE_USER_SCRIPT_SANDBOXING = YES;
				GCC_C_LANGUAGE_STANDARD = gnu17;
				GCC_DYNAMIC_NO_PIC = NO;
				GCC_NO_COMMON_BLOCKS = YES;
				GCC_OPTIMIZATION_LEVEL = 0;
				GCC_PREPROCESSOR_DEFINITIONS = (
					"DEBUG=1",
					"$(inherited)",
				);
				GCC_WARN_64_TO_32_BIT_CONVERSION = YES;
				GCC_WARN_ABOUT_RETURN_TYPE = YES_ERROR;
				GCC_WARN_UNDECLARED_SELECTOR = YES;
				GCC_WARN_UNINITIALIZED_AUTOS = YES_AGGRESSIVE;
				GCC_WARN_UNUSED_FUNCTION = YES;
				GCC_WARN_UNUSED_VARIABLE = YES;
				IPHONEOS_DEPLOYMENT_TARGET = 17.4;
				LOCALIZATION_PREFERS_STRING_CATALOGS = YES;
				MTL_ENABLE_DEBUG_INFO = INCLUDE_SOURCE;
				MTL_FAST_MATH = YES;
				ONLY_ACTIVE_ARCH = YES;
				SDKROOT = iphoneos;
				SWIFT_ACTIVE_COMPILATION_CONDITIONS = "DEBUG $(inherited)";
				SWIFT_OPTIMIZATION_LEVEL = "-Onone";
			};
			name = Debug;
		};
		45F043AE2BF75FCF001E4228 /* Release */ = {
			isa = XCBuildConfiguration;
			buildSettings = {
				ALWAYS_SEARCH_USER_PATHS = NO;
				ASSETCATALOG_COMPILER_GENERATE_SWIFT_ASSET_SYMBOL_EXTENSIONS = YES;
				CLANG_ANALYZER_NONNULL = YES;
				CLANG_ANALYZER_NUMBER_OBJECT_CONVERSION = YES_AGGRESSIVE;
				CLANG_CXX_LANGUAGE_STANDARD = "gnu++20";
				CLANG_ENABLE_MODULES = YES;
				CLANG_ENABLE_OBJC_ARC = YES;
				CLANG_ENABLE_OBJC_WEAK = YES;
				CLANG_WARN_BLOCK_CAPTURE_AUTORELEASING = YES;
				CLANG_WARN_BOOL_CONVERSION = YES;
				CLANG_WARN_COMMA = YES;
				CLANG_WARN_CONSTANT_CONVERSION = YES;
				CLANG_WARN_DEPRECATED_OBJC_IMPLEMENTATIONS = YES;
				CLANG_WARN_DIRECT_OBJC_ISA_USAGE = YES_ERROR;
				CLANG_WARN_DOCUMENTATION_COMMENTS = YES;
				CLANG_WARN_EMPTY_BODY = YES;
				CLANG_WARN_ENUM_CONVERSION = YES;
				CLANG_WARN_INFINITE_RECURSION = YES;
				CLANG_WARN_INT_CONVERSION = YES;
				CLANG_WARN_NON_LITERAL_NULL_CONVERSION = YES;
				CLANG_WARN_OBJC_IMPLICIT_RETAIN_SELF = YES;
				CLANG_WARN_OBJC_LITERAL_CONVERSION = YES;
				CLANG_WARN_OBJC_ROOT_CLASS = YES_ERROR;
				CLANG_WARN_QUOTED_INCLUDE_IN_FRAMEWORK_HEADER = YES;
				CLANG_WARN_RANGE_LOOP_ANALYSIS = YES;
				CLANG_WARN_STRICT_PROTOTYPES = YES;
				CLANG_WARN_SUSPICIOUS_MOVE = YES;
				CLANG_WARN_UNGUARDED_AVAILABILITY = YES_AGGRESSIVE;
				CLANG_WARN_UNREACHABLE_CODE = YES;
				CLANG_WARN__DUPLICATE_METHOD_MATCH = YES;
				COPY_PHASE_STRIP = NO;
				DEBUG_INFORMATION_FORMAT = "dwarf-with-dsym";
				ENABLE_NS_ASSERTIONS = NO;
				ENABLE_STRICT_OBJC_MSGSEND = YES;
				ENABLE_USER_SCRIPT_SANDBOXING = YES;
				GCC_C_LANGUAGE_STANDARD = gnu17;
				GCC_NO_COMMON_BLOCKS = YES;
				GCC_WARN_64_TO_32_BIT_CONVERSION = YES;
				GCC_WARN_ABOUT_RETURN_TYPE = YES_ERROR;
				GCC_WARN_UNDECLARED_SELECTOR = YES;
				GCC_WARN_UNINITIALIZED_AUTOS = YES_AGGRESSIVE;
				GCC_WARN_UNUSED_FUNCTION = YES;
				GCC_WARN_UNUSED_VARIABLE = YES;
				IPHONEOS_DEPLOYMENT_TARGET = 17.4;
				LOCALIZATION_PREFERS_STRING_CATALOGS = YES;
				MTL_ENABLE_DEBUG_INFO = NO;
				MTL_FAST_MATH = YES;
				SDKROOT = iphoneos;
				SWIFT_COMPILATION_MODE = wholemodule;
				VALIDATE_PRODUCT = YES;
			};
			name = Release;
		};
		45F043B02BF75FCF001E4228 /* Debug */ = {
			isa = XCBuildConfiguration;
			buildSettings = {
				ASSETCATALOG_COMPILER_APPICON_NAME = AppIcon;
				ASSETCATALOG_COMPILER_GLOBAL_ACCENT_COLOR_NAME = AccentColor;
				CODE_SIGN_STYLE = Automatic;
				CURRENT_PROJECT_VERSION = 1;
				DEVELOPMENT_ASSET_PATHS = "\"Apple Framework/Preview Content\"";
				DEVELOPMENT_TEAM = 75RPJYM6U7;
				ENABLE_PREVIEWS = YES;
				GENERATE_INFOPLIST_FILE = YES;
				INFOPLIST_KEY_UIApplicationSceneManifest_Generation = YES;
				INFOPLIST_KEY_UIApplicationSupportsIndirectInputEvents = YES;
				INFOPLIST_KEY_UILaunchScreen_Generation = YES;
				INFOPLIST_KEY_UISupportedInterfaceOrientations_iPad = "UIInterfaceOrientationPortrait UIInterfaceOrientationPortraitUpsideDown UIInterfaceOrientationLandscapeLeft UIInterfaceOrientationLandscapeRight";
				INFOPLIST_KEY_UISupportedInterfaceOrientations_iPhone = "UIInterfaceOrientationPortrait UIInterfaceOrientationLandscapeLeft UIInterfaceOrientationLandscapeRight";
				LD_RUNPATH_SEARCH_PATHS = (
					"$(inherited)",
					"@executable_path/Frameworks",
				);
				MARKETING_VERSION = 1.0;
				PRODUCT_BUNDLE_IDENTIFIER = "com.sagar.Apple-Framework";
				PRODUCT_NAME = "$(TARGET_NAME)";
				SWIFT_EMIT_LOC_STRINGS = YES;
				SWIFT_VERSION = 5.0;
				TARGETED_DEVICE_FAMILY = "1,2";
			};
			name = Debug;
		};
		45F043B12BF75FCF001E4228 /* Release */ = {
			isa = XCBuildConfiguration;
			buildSettings = {
				ASSETCATALOG_COMPILER_APPICON_NAME = AppIcon;
				ASSETCATALOG_COMPILER_GLOBAL_ACCENT_COLOR_NAME = AccentColor;
				CODE_SIGN_STYLE = Automatic;
				CURRENT_PROJECT_VERSION = 1;
				DEVELOPMENT_ASSET_PATHS = "\"Apple Framework/Preview Content\"";
				DEVELOPMENT_TEAM = 75RPJYM6U7;
				ENABLE_PREVIEWS = YES;
				GENERATE_INFOPLIST_FILE = YES;
				INFOPLIST_KEY_UIApplicationSceneManifest_Generation = YES;
				INFOPLIST_KEY_UIApplicationSupportsIndirectInputEvents = YES;
				INFOPLIST_KEY_UILaunchScreen_Generation = YES;
				INFOPLIST_KEY_UISupportedInterfaceOrientations_iPad = "UIInterfaceOrientationPortrait UIInterfaceOrientationPortraitUpsideDown UIInterfaceOrientationLandscapeLeft UIInterfaceOrientationLandscapeRight";
				INFOPLIST_KEY_UISupportedInterfaceOrientations_iPhone = "UIInterfaceOrientationPortrait UIInterfaceOrientationLandscapeLeft UIInterfaceOrientationLandscapeRight";
				LD_RUNPATH_SEARCH_PATHS = (
					"$(inherited)",
					"@executable_path/Frameworks",
				);
				MARKETING_VERSION = 1.0;
				PRODUCT_BUNDLE_IDENTIFIER = "com.sagar.Apple-Framework";
				PRODUCT_NAME = "$(TARGET_NAME)";
				SWIFT_EMIT_LOC_STRINGS = YES;
				SWIFT_VERSION = 5.0;
				TARGETED_DEVICE_FAMILY = "1,2";
			};
			name = Release;
		};
/* End XCBuildConfiguration section */

/* Begin XCConfigurationList section */
		45F0439C2BF75FCE001E4228 /* Build configuration list for PBXProject "Apple Framework" */ = {
			isa = XCConfigurationList;
			buildConfigurations = (
				45F043AD2BF75FCF001E4228 /* Debug */,
				45F043AE2BF75FCF001E4228 /* Release */,
			);
			defaultConfigurationIsVisible = 0;
			defaultConfigurationName = Release;
		};
		45F043AF2BF75FCF001E4228 /* Build configuration list for PBXNativeTarget "Apple Framework" */ = {
			isa = XCConfigurationList;
			buildConfigurations = (
				45F043B02BF75FCF001E4228 /* Debug */,
				45F043B12BF75FCF001E4228 /* Release */,
			);
			defaultConfigurationIsVisible = 0;
			defaultConfigurationName = Release;
		};
/* End XCConfigurationList section */
	};
	rootObject = 45F043992BF75FCE001E4228 /* Project object */;
}
